
Microsoft Visual Studio Solution File, Format Version 12.00
# Visual Studio Version 17
VisualStudioVersion = 17.0.31903.59
MinimumVisualStudioVersion = 10.0.40219.1
Project("{9A19103F-16F7-4668-BE54-9A1E7A4F7556}") = "GraphqlAPI", "GraphqlAPI\GraphqlAPI.csproj", "{EE4EF67E-86B2-4E46-9FAD-1DE72C79B24D}"
EndProject
Project("{9A19103F-16F7-4668-BE54-9A1E7A4F7556}") = "GraphqlBusiness", "GraphqlBusiness\GraphqlBusiness.csproj", "{295776DA-7359-4FD4-93FC-8E4018982708}"
EndProject
Project("{9A19103F-16F7-4668-BE54-9A1E7A4F7556}") = "GraphqlDomain", "GraphqlDomain\GraphqlDomain.csproj", "{11CD0655-88E5-4F27-BA21-DAEF0EE53AF7}"
EndProject
Global
	GlobalSection(SolutionConfigurationPlatforms) = preSolution
		Debug|Any CPU = Debug|Any CPU
		Release|Any CPU = Release|Any CPU
	EndGlobalSection
	GlobalSection(ProjectConfigurationPlatforms) = postSolution
		{EE4EF67E-86B2-4E46-9FAD-1DE72C79B24D}.Debug|Any CPU.ActiveCfg = Debug|Any CPU
		{EE4EF67E-86B2-4E46-9FAD-1DE72C79B24D}.Debug|Any CPU.Build.0 = Debug|Any CPU
		{EE4EF67E-86B2-4E46-9FAD-1DE72C79B24D}.Release|Any CPU.ActiveCfg = Release|Any CPU
		{EE4EF67E-86B2-4E46-9FAD-1DE72C79B24D}.Release|Any CPU.Build.0 = Release|Any CPU
		{295776DA-7359-4FD4-93FC-8E4018982708}.Debug|Any CPU.ActiveCfg = Debug|Any CPU
		{295776DA-7359-4FD4-93FC-8E4018982708}.Debug|Any CPU.Build.0 = Debug|Any CPU
		{295776DA-7359-4FD4-93FC-8E4018982708}.Release|Any CPU.ActiveCfg = Release|Any CPU
		{295776DA-7359-4FD4-93FC-8E4018982708}.Release|Any CPU.Build.0 = Release|Any CPU
		{11CD0655-88E5-4F27-BA21-DAEF0EE53AF7}.Debug|Any CPU.ActiveCfg = Debug|Any CPU
		{11CD0655-88E5-4F27-BA21-DAEF0EE53AF7}.Debug|Any CPU.Build.0 = Debug|Any CPU
		{11CD0655-88E5-4F27-BA21-DAEF0EE53AF7}.Release|Any CPU.ActiveCfg = Release|Any CPU
		{11CD0655-88E5-4F27-BA21-DAEF0EE53AF7}.Release|Any CPU.Build.0 = Release|Any CPU
	EndGlobalSection
	GlobalSection(SolutionProperties) = preSolution
		HideSolutionNode = FALSE
	EndGlobalSection
	GlobalSection(ExtensibilityGlobals) = postSolution
		SolutionGuid = {8D6C7567-863A-4F8F-8487-4C5072C0F0B7}
	EndGlobalSection
EndGlobal
